# This file is autogenerated, do not edit; changes may be undone by the next 'dep ensure'.


[[projects]]
  branch = "master"
  name = "github.com/toolkits/net"
  packages = ["httplib"]
  revision = "3f39ab6fe3cec98207da42dab32703b498ed92e4"

[[projects]]
  name = "gopkg.in/birkirb/loggers.v1"
  packages = [
    ".",
    "log",
    "mappers",
    "mappers/stdlib"
  ]
  revision = "a4f518ce71c53e85d2aa18266812604a267f013b"
  version = "v1.0.3"

[solve-meta]
  analyzer-name = "dep"
  analyzer-version = 1
  inputs-digest = "4a39ecbe3fd690376c81117c35002f0486ae7f8fafe0235a25485c6e77609677"
  solver-name = "gps-cdcl"
  solver-version = 1
